<?xml version="1.0" encoding="utf-8"?>
<Project ToolsVersion="4.0" xmlns="http://schemas.microsoft.com/developer/msbuild/2003">
  <ItemGroup>
    <Filter Include="Source Files">
      <UniqueIdentifier>{4FC737F1-C7A5-4376-A066-2A32D752A2FF}</UniqueIdentifier>
      <Extensions>cpp;c;cc;cxx;def;odl;idl;hpj;bat;asm;asmx</Extensions>
    </Filter>
    <Filter Include="Header Files">
      <UniqueIdentifier>{93995380-89BD-4b04-88EB-625FBE52EBFB}</UniqueIdentifier>
      <Extensions>h;hpp;hxx;hm;inl;inc;xsd</Extensions>
    </Filter>
    <Filter Include="Win32Res">
      <UniqueIdentifier>{67DA6AB6-F800-4c08-8B7A-83BB121AAD01}</UniqueIdentifier>
      <Extensions>rc;ico;cur;bmp;dlg;rc2;rct;bin;rgs;gif;jpg;jpeg;jpe;resx;tiff;tif;png;wav</Extensions>
    </Filter>
    <Filter Include="Resources">
      <UniqueIdentifier>{6a42f37d-2c51-4783-91b2-adc923e5c09d}</UniqueIdentifier>
    </Filter>
    <Filter Include="Resources\Shaders">
      <UniqueIdentifier>{2282dbff-09d2-4dc5-9e1d-e8b68f4514a1}</UniqueIdentifier>
    </Filter>
    <Filter Include="Resources\Textures">
      <UniqueIdentifier>{105f6cb9-d07b-489f-aa12-1ec6c8cdd8f7}</UniqueIdentifier>
    </Filter>
    <Filter Include="Resources\Models">
      <UniqueIdentifier>{31bbd57f-57ac-49ae-90b7-7c8e8d7f51f0}</UniqueIdentifier>
    </Filter>
    <Filter Include="Source Files\Object">
      <UniqueIdentifier>{228658c6-9473-44d1-bd27-602c1239822c}</UniqueIdentifier>
    </Filter>
    <Filter Include="Source Files\Manager">
      <UniqueIdentifier>{68ed5103-e1d3-4f2f-ad6e-17238a44dab5}</UniqueIdentifier>
    </Filter>
    <Filter Include="Source Files\Components">
      <UniqueIdentifier>{28a77a22-843e-4fb6-967f-2f523640294a}</UniqueIdentifier>
    </Filter>
    <Filter Include="Resources\Sounds">
      <UniqueIdentifier>{e9ea7b55-eec9-41c3-91b3-949aad14e472}</UniqueIdentifier>
    </Filter>
    <Filter Include="Source Files\GameStates">
      <UniqueIdentifier>{179fb3a7-71f1-45e3-bfdd-2696c9e88e9c}</UniqueIdentifier>
    </Filter>
    <Filter Include="Resources\Managers">
      <UniqueIdentifier>{cffde45e-2a50-4668-9d5a-47a29ef27119}</UniqueIdentifier>
    </Filter>
    <Filter Include="Resources\Animation">
      <UniqueIdentifier>{5c349ce2-0119-4cc0-9378-e435c850d9fe}</UniqueIdentifier>
    </Filter>
    <Filter Include="Resources\Icon">
      <UniqueIdentifier>{b89a603e-63b8-48b7-b0f1-f22bc4cb8412}</UniqueIdentifier>
    </Filter>
    <Filter Include="Resources\Textures\Levels">
      <UniqueIdentifier>{bce5cb8f-afdb-4567-8789-5b9c26762dd0}</UniqueIdentifier>
    </Filter>
    <Filter Include="Resources\Textures\Buttons">
      <UniqueIdentifier>{81197309-0f58-4c8c-9422-fbe6275277c4}</UniqueIdentifier>
    </Filter>
    <Filter Include="Resources\Map">
      <UniqueIdentifier>{36bfcf19-4910-4547-ab36-cc365d44ed91}</UniqueIdentifier>
    </Filter>
    <Filter Include="Resources\Tile">
      <UniqueIdentifier>{3fdd9929-7fe2-4305-8ef2-f3bb18de6a3d}</UniqueIdentifier>
    </Filter>
    <Filter Include="Resources\TexturesAnimation">
      <UniqueIdentifier>{e5622361-1e06-4d1f-aede-2f45e8d6939c}</UniqueIdentifier>
    </Filter>
    <Filter Include="Resources\Fonts">
      <UniqueIdentifier>{b5387d08-b7e1-49cd-abc9-558960905001}</UniqueIdentifier>
    </Filter>
  </ItemGroup>
  <ItemGroup>
    <ClCompile Include="TrainingFramework.cpp">
      <Filter>Source Files</Filter>
    </ClCompile>
    <ClCompile Include="Object.cpp">
      <Filter>Source Files\Object</Filter>
    </ClCompile>
    <ClCompile Include="Camera.cpp">
      <Filter>Source Files\Object</Filter>
    </ClCompile>
    <ClCompile Include="SceneManager.cpp">
      <Filter>Source Files\Manager</Filter>
    </ClCompile>
    <ClCompile Include="ResourceManager.cpp">
      <Filter>Source Files\Manager</Filter>
    </ClCompile>
    <ClCompile Include="Model.cpp">
      <Filter>Source Files\Components</Filter>
    </ClCompile>
    <ClCompile Include="Texture.cpp">
      <Filter>Source Files\Components</Filter>
    </ClCompile>
    <ClCompile Include="Shaders.cpp">
      <Filter>Source Files\Components</Filter>
    </ClCompile>
    <ClCompile Include="GameStateBase.cpp">
      <Filter>Source Files\GameStates</Filter>
    </ClCompile>
    <ClCompile Include="GameStateMachine.cpp">
      <Filter>Source Files\Manager</Filter>
    </ClCompile>
    <ClCompile Include="Application.cpp">
      <Filter>Source Files</Filter>
    </ClCompile>
    <ClCompile Include="GSLevel1.cpp">
      <Filter>Source Files\GameStates</Filter>
    </ClCompile>
    <ClCompile Include="GSLevel2.cpp">
      <Filter>Source Files\GameStates</Filter>
    </ClCompile>
    <ClCompile Include="Bullet.cpp">
      <Filter>Source Files\Object</Filter>
    </ClCompile>
    <ClCompile Include="MainCharacter.cpp">
      <Filter>Source Files\Object</Filter>
    </ClCompile>
    <ClCompile Include="Animation.cpp">
      <Filter>Source Files\Components</Filter>
    </ClCompile>
    <ClCompile Include="Enemy.cpp">
      <Filter>Source Files\Object</Filter>
    </ClCompile>
    <ClCompile Include="TextManager.cpp">
      <Filter>Source Files\Manager</Filter>
    </ClCompile>
    <ClCompile Include="Boss.cpp">
      <Filter>Source Files\Object</Filter>
    </ClCompile>
    <ClCompile Include="ButtonManager.cpp">
      <Filter>Source Files\Manager</Filter>
    </ClCompile>
    <ClCompile Include="GameButton.cpp">
      <Filter>Source Files\Object</Filter>
    </ClCompile>
    <ClCompile Include="GSMainmenu.cpp">
      <Filter>Source Files\GameStates</Filter>
    </ClCompile>
    <ClCompile Include="Sprite2D.cpp">
      <Filter>Source Files\Object</Filter>
    </ClCompile>
    <ClCompile Include="Models.cpp">
      <Filter>Source Files\Components</Filter>
    </ClCompile>
    <ClCompile Include="GSIntro.cpp">
      <Filter>Source Files\GameStates</Filter>
    </ClCompile>
    <ClCompile Include="GameplayUI.cpp">
      <Filter>Source Files\Object</Filter>
    </ClCompile>
    <ClCompile Include="Healthy.cpp">
      <Filter>Source Files\Object</Filter>
    </ClCompile>
    <ClCompile Include="GSLevel3.cpp">
      <Filter>Source Files\GameStates</Filter>
    </ClCompile>
    <ClCompile Include="GSLevel4.cpp">
      <Filter>Source Files\GameStates</Filter>
    </ClCompile>
    <ClCompile Include="GSResult.cpp">
      <Filter>Source Files\GameStates</Filter>
    </ClCompile>
    <ClCompile Include="GSLoadLevel.cpp">
      <Filter>Source Files\GameStates</Filter>
    </ClCompile>
    <ClCompile Include="GSOptions.cpp">
      <Filter>Source Files\GameStates</Filter>
    </ClCompile>
    <ClCompile Include="ComfirmBox.cpp">
      <Filter>Source Files\Object</Filter>
    </ClCompile>
    <ClCompile Include="GSAboutUs.cpp">
      <Filter>Source Files\GameStates</Filter>
    </ClCompile>
    <ClCompile Include="Ground.cpp">
      <Filter>Source Files\Object</Filter>
    </ClCompile>
    <ClCompile Include="Terrain.cpp">
      <Filter>Source Files\Object</Filter>
    </ClCompile>
    <ClCompile Include="Vertex.cpp">
      <Filter>Source Files\Components</Filter>
    </ClCompile>
    <ClCompile Include="LoadingScreen.cpp">
      <Filter>Source Files\Object</Filter>
    </ClCompile>
    <ClCompile Include="stdafx.cpp">
      <Filter>Source Files</Filter>
    </ClCompile>
    <ClCompile Include="Fourpedia.cpp">
      <Filter>Source Files\Object</Filter>
    </ClCompile>
  </ItemGroup>
  <ItemGroup>
    <ClInclude Include="Globals.h">
      <Filter>Header Files</Filter>
    </ClInclude>
    <ClInclude Include="Shaders.h">
      <Filter>Header Files</Filter>
    </ClInclude>
    <ClInclude Include="stdafx.h">
      <Filter>Header Files</Filter>
    </ClInclude>
    <ClInclude Include="targetver.h">
      <Filter>Header Files</Filter>
    </ClInclude>
    <ClInclude Include="Vertex.h">
      <Filter>Header Files</Filter>
    </ClInclude>
    <ClInclude Include="Model.h">
      <Filter>Header Files</Filter>
    </ClInclude>
    <ClInclude Include="Object.h">
      <Filter>Header Files</Filter>
    </ClInclude>
    <ClInclude Include="Camera.h">
      <Filter>Header Files</Filter>
    </ClInclude>
    <ClInclude Include="Singleton.h">
      <Filter>Header Files</Filter>
    </ClInclude>
    <ClInclude Include="SceneManager.h">
      <Filter>Header Files</Filter>
    </ClInclude>
    <ClInclude Include="Texture.h">
      <Filter>Header Files</Filter>
    </ClInclude>
    <ClInclude Include="ResourceManager.h">
      <Filter>Header Files</Filter>
    </ClInclude>
    <ClInclude Include="GameStateBase.h">
      <Filter>Header Files</Filter>
    </ClInclude>
    <ClInclude Include="GameStateMachine.h">
      <Filter>Header Files</Filter>
    </ClInclude>
    <ClInclude Include="GSLevel1.h">
      <Filter>Header Files</Filter>
    </ClInclude>
    <ClInclude Include="Application.h">
      <Filter>Header Files</Filter>
    </ClInclude>
    <ClInclude Include="GSLevel2.h">
      <Filter>Header Files</Filter>
    </ClInclude>
    <ClInclude Include="Animation.h">
      <Filter>Header Files</Filter>
    </ClInclude>
    <ClInclude Include="MainCharacter.h">
      <Filter>Header Files</Filter>
    </ClInclude>
    <ClInclude Include="Bullet.h">
      <Filter>Header Files</Filter>
    </ClInclude>
    <ClInclude Include="NPC.h">
      <Filter>Header Files</Filter>
    </ClInclude>
    <ClInclude Include="define.h">
      <Filter>Header Files</Filter>
    </ClInclude>
    <ClInclude Include="Enemy.h">
      <Filter>Header Files</Filter>
    </ClInclude>
    <ClInclude Include="Terrain.h">
      <Filter>Header Files</Filter>
    </ClInclude>
    <ClInclude Include="TextManager.h">
      <Filter>Header Files</Filter>
    </ClInclude>
    <ClInclude Include="Ground.h">
      <Filter>Header Files</Filter>
    </ClInclude>
    <ClInclude Include="Boss.h">
      <Filter>Header Files</Filter>
    </ClInclude>
    <ClInclude Include="ButtonManager.h">
      <Filter>Header Files</Filter>
    </ClInclude>
    <ClInclude Include="Sprite2D.h">
      <Filter>Header Files</Filter>
    </ClInclude>
    <ClInclude Include="Models.h">
      <Filter>Header Files</Filter>
    </ClInclude>
    <ClInclude Include="GSIntro.h">
      <Filter>Header Files</Filter>
    </ClInclude>
    <ClInclude Include="GSMainmenu.h">
      <Filter>Header Files</Filter>
    </ClInclude>
    <ClInclude Include="GameplayUI.h">
      <Filter>Header Files</Filter>
    </ClInclude>
    <ClInclude Include="GameButton.h">
      <Filter>Header Files</Filter>
    </ClInclude>
    <ClInclude Include="Healthy.h">
      <Filter>Header Files</Filter>
    </ClInclude>
    <ClInclude Include="GSLoadLevel.h">
      <Filter>Header Files</Filter>
    </ClInclude>
    <ClInclude Include="GSLevel3.h">
      <Filter>Header Files</Filter>
    </ClInclude>
    <ClInclude Include="GSLevel4.h">
      <Filter>Header Files</Filter>
    </ClInclude>
    <ClInclude Include="GSResult.h">
      <Filter>Header Files</Filter>
    </ClInclude>
    <ClInclude Include="GSOptions.h">
      <Filter>Header Files</Filter>
    </ClInclude>
    <ClInclude Include="ComfirmBox.h">
      <Filter>Header Files</Filter>
    </ClInclude>
    <ClInclude Include="GSAboutUs.h">
      <Filter>Header Files</Filter>
    </ClInclude>
    <ClInclude Include="LoadingScreen.h">
      <Filter>Header Files</Filter>
    </ClInclude>
    <ClInclude Include="Fourpedia.h">
      <Filter>Header Files</Filter>
    </ClInclude>
    <ClInclude Include="resource.h">
      <Filter>Header Files</Filter>
    </ClInclude>
  </ItemGroup>
  <ItemGroup>
    <None Include="..\Readme.doc" />
    <None Include="..\Resources\Models\Sprite2D.nfg">
      <Filter>Resources\Models</Filter>
    </None>
    <None Include="..\Resources\Shaders\ModelShaderFS.fs">
      <Filter>Resources\Shaders</Filter>
    </None>
    <None Include="..\Resources\Shaders\ModelShaderVS.vs">
      <Filter>Resources\Shaders</Filter>
    </None>
    <None Include="..\Resources\Shaders\TextShaderFS.fs">
      <Filter>Resources\Shaders</Filter>
    </None>
    <None Include="..\Resources\Shaders\TextShaderVS.vs">
      <Filter>Resources\Shaders</Filter>
    </None>
  </ItemGroup>
  <ItemGroup>
    <Image Include="..\Resources\Textures\Buttons\Background.tga">
      <Filter>Resources\Textures\Buttons</Filter>
    </Image>
    <Image Include="..\Resources\Textures\Buttons\button_audio_off.tga">
      <Filter>Resources\Textures\Buttons</Filter>
    </Image>
    <Image Include="..\Resources\Textures\Buttons\button_audio_on.tga">
      <Filter>Resources\Textures\Buttons</Filter>
    </Image>
    <Image Include="..\Resources\Textures\Buttons\button_back.tga">
      <Filter>Resources\Textures\Buttons</Filter>
    </Image>
    <Image Include="..\Resources\Textures\Buttons\button_continue.tga">
      <Filter>Resources\Textures\Buttons</Filter>
    </Image>
    <Image Include="..\Resources\Textures\Buttons\button_continue2.tga">
      <Filter>Resources\Textures\Buttons</Filter>
    </Image>
    <Image Include="..\Resources\Textures\Buttons\button_exit.tga">
      <Filter>Resources\Textures\Buttons</Filter>
    </Image>
    <Image Include="..\Resources\Textures\Buttons\button_fourpedia.tga">
      <Filter>Resources\Textures\Buttons</Filter>
    </Image>
    <Image Include="..\Resources\Textures\Buttons\button_info.tga">
      <Filter>Resources\Textures\Buttons</Filter>
    </Image>
    <Image Include="..\Resources\Textures\Buttons\button_menu.tga">
      <Filter>Resources\Textures\Buttons</Filter>
    </Image>
    <Image Include="..\Resources\Textures\Buttons\button_menu2.tga">
      <Filter>Resources\Textures\Buttons</Filter>
    </Image>
    <Image Include="..\Resources\Textures\Buttons\button_newgame.tga">
      <Filter>Resources\Textures\Buttons</Filter>
    </Image>
    <Image Include="..\Resources\Textures\Buttons\button_ok.tga">
      <Filter>Resources\Textures\Buttons</Filter>
    </Image>
    <Image Include="..\Resources\Textures\Buttons\button_options.tga">
      <Filter>Resources\Textures\Buttons</Filter>
    </Image>
    <Image Include="..\Resources\Textures\Buttons\button_options2.tga">
      <Filter>Resources\Textures\Buttons</Filter>
    </Image>
    <Image Include="..\Resources\Textures\Buttons\button_play.tga">
      <Filter>Resources\Textures\Buttons</Filter>
    </Image>
    <Image Include="..\Resources\Textures\Buttons\button_quit.tga">
      <Filter>Resources\Textures\Buttons</Filter>
    </Image>
    <Image Include="..\Resources\Textures\Buttons\button_reset.tga">
      <Filter>Resources\Textures\Buttons</Filter>
    </Image>
    <Image Include="..\Resources\Textures\Buttons\button_retry.tga">
      <Filter>Resources\Textures\Buttons</Filter>
    </Image>
    <Image Include="..\Resources\Textures\Buttons\button_X.tga">
      <Filter>Resources\Textures\Buttons</Filter>
    </Image>
    <Image Include="..\Resources\Textures\Buttons\button_X2.tga">
      <Filter>Resources\Textures\Buttons</Filter>
    </Image>
    <Image Include="..\Resources\Textures\Buttons\frame_BG.tga">
      <Filter>Resources\Textures\Buttons</Filter>
    </Image>
    <Image Include="..\Resources\Textures\Buttons\frame_failed.tga">
      <Filter>Resources\Textures\Buttons</Filter>
    </Image>
    <Image Include="..\Resources\Textures\Buttons\frame_victory.tga">
      <Filter>Resources\Textures\Buttons</Filter>
    </Image>
    <Image Include="..\Resources\Textures\Levels\1.tga">
      <Filter>Resources\Textures\Levels</Filter>
    </Image>
    <Image Include="..\Resources\Textures\Levels\2.tga">
      <Filter>Resources\Textures\Levels</Filter>
    </Image>
    <Image Include="..\Resources\Textures\Levels\3.tga">
      <Filter>Resources\Textures\Levels</Filter>
    </Image>
    <Image Include="..\Resources\Textures\Levels\4.tga">
      <Filter>Resources\Textures\Levels</Filter>
    </Image>
    <Image Include="..\Resources\Textures\Levels\fourpedia.tga">
      <Filter>Resources\Textures\Levels</Filter>
    </Image>
    <Image Include="..\Resources\Textures\Levels\Frame.tga">
      <Filter>Resources\Textures\Levels</Filter>
    </Image>
    <Image Include="..\Resources\Textures\Levels\loading_icon.tga">
      <Filter>Resources\Textures\Levels</Filter>
    </Image>
    <Image Include="..\Resources\Textures\Levels\loading_screen.tga">
      <Filter>Resources\Textures\Levels</Filter>
    </Image>
    <Image Include="..\Resources\Textures\Levels\map_lv1.tga">
      <Filter>Resources\Textures\Levels</Filter>
    </Image>
    <Image Include="..\Resources\Textures\Levels\map_lv3.tga">
      <Filter>Resources\Textures\Levels</Filter>
    </Image>
    <Image Include="..\Resources\Textures\Levels\map_lv4.tga">
      <Filter>Resources\Textures\Levels</Filter>
    </Image>
    <Image Include="..\Resources\Textures\boss.tga">
      <Filter>Resources\Textures</Filter>
    </Image>
    <Image Include="..\Resources\Textures\bossicon.tga">
      <Filter>Resources\Textures</Filter>
    </Image>
    <Image Include="..\Resources\Textures\enemy1.tga">
      <Filter>Resources\Textures</Filter>
    </Image>
    <Image Include="..\Resources\Textures\enemy2.tga">
      <Filter>Resources\Textures</Filter>
    </Image>
    <Image Include="..\Resources\Textures\enemy3.tga">
      <Filter>Resources\Textures</Filter>
    </Image>
    <Image Include="..\Resources\Textures\enemy4.tga">
      <Filter>Resources\Textures</Filter>
    </Image>
    <Image Include="..\Resources\Textures\gate.tga">
      <Filter>Resources\Textures</Filter>
    </Image>
    <Image Include="..\Resources\Textures\key_mapping.tga">
      <Filter>Resources\Textures</Filter>
    </Image>
    <Image Include="..\Resources\Textures\logo.tga">
      <Filter>Resources\Textures</Filter>
    </Image>
    <Image Include="..\Resources\Textures\logo_game.tga">
      <Filter>Resources\Textures</Filter>
    </Image>
    <Image Include="..\Resources\Textures\logo_game2.tga">
      <Filter>Resources\Textures</Filter>
    </Image>
    <Image Include="..\Resources\Textures\logo_game3.tga">
      <Filter>Resources\Textures</Filter>
    </Image>
    <Image Include="..\Resources\Textures\logo2.tga">
      <Filter>Resources\Textures</Filter>
    </Image>
    <Image Include="..\Resources\Textures\logo3.tga">
      <Filter>Resources\Textures</Filter>
    </Image>
    <Image Include="..\Resources\Textures\logo4.tga">
      <Filter>Resources\Textures</Filter>
    </Image>
    <Image Include="..\Resources\Textures\logont.tga">
      <Filter>Resources\Textures</Filter>
    </Image>
    <Image Include="..\Resources\Textures\MainCharacterFinal.tga">
      <Filter>Resources\Textures</Filter>
    </Image>
    <Image Include="..\Resources\Textures\mainicon.tga">
      <Filter>Resources\Textures</Filter>
    </Image>
    <Image Include="..\Resources\Textures\red.tga">
      <Filter>Resources\Textures</Filter>
    </Image>
    <Image Include="..\Resources\Textures\Turret.tga">
      <Filter>Resources\Textures</Filter>
    </Image>
    <Image Include="..\Resources\Textures\white.tga">
      <Filter>Resources\Textures</Filter>
    </Image>
    <Image Include="..\Resources\Map\mapDecor1.tga">
      <Filter>Resources\Map</Filter>
    </Image>
    <Image Include="..\Resources\Map\mapDecor2.tga">
      <Filter>Resources\Map</Filter>
    </Image>
    <Image Include="..\Resources\Map\mapDecor3.tga">
      <Filter>Resources\Map</Filter>
    </Image>
    <Image Include="..\Resources\Map\mapDecor4.tga">
      <Filter>Resources\Map</Filter>
    </Image>
    <Image Include="..\Resources\Map\mapT1.tga">
      <Filter>Resources\Map</Filter>
    </Image>
    <Image Include="..\Resources\Map\mapT2.tga">
      <Filter>Resources\Map</Filter>
    </Image>
    <Image Include="..\Resources\Map\mapT3.tga">
      <Filter>Resources\Map</Filter>
    </Image>
    <Image Include="..\Resources\Map\mapT4.tga">
      <Filter>Resources\Map</Filter>
    </Image>
    <Image Include="..\Resources\Map\mapT6.tga">
      <Filter>Resources\Map</Filter>
    </Image>
    <Image Include="..\Resources\Tile\background.tga">
      <Filter>Resources\Tile</Filter>
    </Image>
    <Image Include="..\Resources\Tile\background2.tga">
      <Filter>Resources\Tile</Filter>
    </Image>
    <Image Include="..\Resources\Tile\bg1.tga">
      <Filter>Resources\Tile</Filter>
    </Image>
    <Image Include="..\Resources\Tile\bg2.tga">
      <Filter>Resources\Tile</Filter>
    </Image>
    <Image Include="..\Resources\Tile\bg3.tga">
      <Filter>Resources\Tile</Filter>
    </Image>
    <Image Include="..\Resources\Tile\bg4.tga">
      <Filter>Resources\Tile</Filter>
    </Image>
    <Image Include="..\Resources\Tile\bg5.tga">
      <Filter>Resources\Tile</Filter>
    </Image>
    <Image Include="..\Resources\Tile\bg6.tga">
      <Filter>Resources\Tile</Filter>
    </Image>
    <Image Include="..\Resources\Tile\bg7.tga">
      <Filter>Resources\Tile</Filter>
    </Image>
    <Image Include="..\Resources\Tile\bg8.tga">
      <Filter>Resources\Tile</Filter>
    </Image>
    <Image Include="..\Resources\Tile\dawn1.tga">
      <Filter>Resources\Tile</Filter>
    </Image>
    <Image Include="..\Resources\Tile\dawn2.tga">
      <Filter>Resources\Tile</Filter>
    </Image>
    <Image Include="..\Resources\Tile\dawn3.tga">
      <Filter>Resources\Tile</Filter>
    </Image>
    <Image Include="..\Resources\Tile\dawn4.tga">
      <Filter>Resources\Tile</Filter>
    </Image>
    <Image Include="..\Resources\Tile\dawn5.tga">
      <Filter>Resources\Tile</Filter>
    </Image>
    <Image Include="..\Resources\Tile\dawn6.tga">
      <Filter>Resources\Tile</Filter>
    </Image>
    <Image Include="..\Resources\Tile\dawn7.tga">
      <Filter>Resources\Tile</Filter>
    </Image>
    <Image Include="..\Resources\Tile\demon1.tga">
      <Filter>Resources\Tile</Filter>
    </Image>
    <Image Include="..\Resources\Tile\demon2.tga">
      <Filter>Resources\Tile</Filter>
    </Image>
    <Image Include="..\Resources\Tile\demon3.tga">
      <Filter>Resources\Tile</Filter>
    </Image>
    <Image Include="..\Resources\Tile\demon4.tga">
      <Filter>Resources\Tile</Filter>
    </Image>
    <Image Include="..\Resources\Tile\forest1.tga">
      <Filter>Resources\Tile</Filter>
    </Image>
    <Image Include="..\Resources\Tile\forest2.tga">
      <Filter>Resources\Tile</Filter>
    </Image>
    <Image Include="..\Resources\Tile\forest3.tga">
      <Filter>Resources\Tile</Filter>
    </Image>
    <Image Include="..\Resources\Tile\forest4.tga">
      <Filter>Resources\Tile</Filter>
    </Image>
    <Image Include="..\Resources\Tile\forest5.tga">
      <Filter>Resources\Tile</Filter>
    </Image>
    <Image Include="..\Resources\Tile\forest6.tga">
      <Filter>Resources\Tile</Filter>
    </Image>
    <Image Include="..\Resources\Tile\forest7.tga">
      <Filter>Resources\Tile</Filter>
    </Image>
    <Image Include="..\Resources\Tile\forest8.tga">
      <Filter>Resources\Tile</Filter>
    </Image>
    <Image Include="..\Resources\TexturesAnimation\bazokabullet.tga">
      <Filter>Resources\TexturesAnimation</Filter>
    </Image>
    <Image Include="..\Resources\TexturesAnimation\bazokabullet2.tga">
      <Filter>Resources\TexturesAnimation</Filter>
    </Image>
    <Image Include="..\Resources\TexturesAnimation\defendbullet.tga">
      <Filter>Resources\TexturesAnimation</Filter>
    </Image>
    <Image Include="..\Resources\TexturesAnimation\defendbullet2.tga">
      <Filter>Resources\TexturesAnimation</Filter>
    </Image>
    <Image Include="..\Resources\TexturesAnimation\defendbullet3.tga">
      <Filter>Resources\TexturesAnimation</Filter>
    </Image>
    <Image Include="..\Resources\TexturesAnimation\enemybullet.tga">
      <Filter>Resources\TexturesAnimation</Filter>
    </Image>
    <Image Include="..\Resources\TexturesAnimation\enemybullet2.tga">
      <Filter>Resources\TexturesAnimation</Filter>
    </Image>
    <Image Include="..\Resources\TexturesAnimation\enemybullet3.tga">
      <Filter>Resources\TexturesAnimation</Filter>
    </Image>
    <Image Include="..\Resources\TexturesAnimation\hellgunbullet.tga">
      <Filter>Resources\TexturesAnimation</Filter>
    </Image>
    <Image Include="..\Resources\TexturesAnimation\hellgunbullet2.tga">
      <Filter>Resources\TexturesAnimation</Filter>
    </Image>
    <Image Include="..\Resources\TexturesAnimation\shortgunbullet.tga">
      <Filter>Resources\TexturesAnimation</Filter>
    </Image>
    <Image Include="..\Resources\TexturesAnimation\shortgunbullet2.tga">
      <Filter>Resources\TexturesAnimation</Filter>
    </Image>
    <Image Include="..\Resources\Textures\mainicon.ico">
      <Filter>Resources\Icon</Filter>
    </Image>
  </ItemGroup>
  <ItemGroup>
    <Text Include="..\Resources\Animation\background.txt">
      <Filter>Resources\Animation</Filter>
    </Text>
    <Text Include="..\Resources\Animation\bazoka.txt">
      <Filter>Resources\Animation</Filter>
    </Text>
    <Text Include="..\Resources\Animation\boss.txt">
      <Filter>Resources\Animation</Filter>
    </Text>
    <Text Include="..\Resources\Animation\bossdie.txt">
      <Filter>Resources\Animation</Filter>
    </Text>
    <Text Include="..\Resources\Animation\dead.txt">
      <Filter>Resources\Animation</Filter>
    </Text>
    <Text Include="..\Resources\Animation\defend.txt">
      <Filter>Resources\Animation</Filter>
    </Text>
    <Text Include="..\Resources\Animation\enemy1Die.txt">
      <Filter>Resources\Animation</Filter>
    </Text>
    <Text Include="..\Resources\Animation\enemy1Fire.txt">
      <Filter>Resources\Animation</Filter>
    </Text>
    <Text Include="..\Resources\Animation\enemy1Walk.txt">
      <Filter>Resources\Animation</Filter>
    </Text>
    <Text Include="..\Resources\Animation\enemy2Die.txt">
      <Filter>Resources\Animation</Filter>
    </Text>
    <Text Include="..\Resources\Animation\enemy2Fire.txt">
      <Filter>Resources\Animation</Filter>
    </Text>
    <Text Include="..\Resources\Animation\enemy2Walk.txt">
      <Filter>Resources\Animation</Filter>
    </Text>
    <Text Include="..\Resources\Animation\enemy3Die.txt">
      <Filter>Resources\Animation</Filter>
    </Text>
    <Text Include="..\Resources\Animation\enemy3Fire.txt">
      <Filter>Resources\Animation</Filter>
    </Text>
    <Text Include="..\Resources\Animation\enemy3Walk.txt">
      <Filter>Resources\Animation</Filter>
    </Text>
    <Text Include="..\Resources\Animation\enemy4Die.txt">
      <Filter>Resources\Animation</Filter>
    </Text>
    <Text Include="..\Resources\Animation\enemy4Fire.txt">
      <Filter>Resources\Animation</Filter>
    </Text>
    <Text Include="..\Resources\Animation\enemy4Walk.txt">
      <Filter>Resources\Animation</Filter>
    </Text>
    <Text Include="..\Resources\Animation\enemybullet.txt">
      <Filter>Resources\Animation</Filter>
    </Text>
    <Text Include="..\Resources\Animation\enemybullet2.txt">
      <Filter>Resources\Animation</Filter>
    </Text>
    <Text Include="..\Resources\Animation\fall.txt">
      <Filter>Resources\Animation</Filter>
    </Text>
    <Text Include="..\Resources\Animation\gate.txt">
      <Filter>Resources\Animation</Filter>
    </Text>
    <Text Include="..\Resources\Animation\Gun0.txt">
      <Filter>Resources\Animation</Filter>
    </Text>
    <Text Include="..\Resources\Animation\Gun1.txt">
      <Filter>Resources\Animation</Filter>
    </Text>
    <Text Include="..\Resources\Animation\Gun2.txt">
      <Filter>Resources\Animation</Filter>
    </Text>
    <Text Include="..\Resources\Animation\Gun3.txt">
      <Filter>Resources\Animation</Filter>
    </Text>
    <Text Include="..\Resources\Animation\hellgun1.txt">
      <Filter>Resources\Animation</Filter>
    </Text>
    <Text Include="..\Resources\Animation\hellgun2.txt">
      <Filter>Resources\Animation</Filter>
    </Text>
    <Text Include="..\Resources\Animation\Idle.txt">
      <Filter>Resources\Animation</Filter>
    </Text>
    <Text Include="..\Resources\Animation\jump.txt">
      <Filter>Resources\Animation</Filter>
    </Text>
    <Text Include="..\Resources\Animation\mainicon.txt">
      <Filter>Resources\Animation</Filter>
    </Text>
    <Text Include="..\Resources\Animation\Run.txt">
      <Filter>Resources\Animation</Filter>
    </Text>
    <Text Include="..\Resources\Animation\RunJump.txt">
      <Filter>Resources\Animation</Filter>
    </Text>
    <Text Include="..\Resources\Animation\shortgun.txt">
      <Filter>Resources\Animation</Filter>
    </Text>
    <Text Include="..\Resources\Animation\turret.txt">
      <Filter>Resources\Animation</Filter>
    </Text>
    <Text Include="..\Resources\Animation\Wounded.txt">
      <Filter>Resources\Animation</Filter>
    </Text>
    <Text Include="..\Resources\Managers\BM_AboutUs.txt">
      <Filter>Resources\Managers</Filter>
    </Text>
    <Text Include="..\Resources\Managers\BM_Gameplay.txt">
      <Filter>Resources\Managers</Filter>
    </Text>
    <Text Include="..\Resources\Managers\BM_LoadLevel.txt">
      <Filter>Resources\Managers</Filter>
    </Text>
    <Text Include="..\Resources\Managers\BM_MainMenu.txt">
      <Filter>Resources\Managers</Filter>
    </Text>
    <Text Include="..\Resources\Managers\BM_Options.txt">
      <Filter>Resources\Managers</Filter>
    </Text>
    <Text Include="..\Resources\Managers\BM_Result.txt">
      <Filter>Resources\Managers</Filter>
    </Text>
    <Text Include="..\Resources\Managers\RM.txt">
      <Filter>Resources\Managers</Filter>
    </Text>
    <Text Include="..\Resources\Managers\SM1.txt">
      <Filter>Resources\Managers</Filter>
    </Text>
    <Text Include="..\Resources\Managers\SM2.txt">
      <Filter>Resources\Managers</Filter>
    </Text>
    <Text Include="..\Resources\Managers\SM3.txt">
      <Filter>Resources\Managers</Filter>
    </Text>
    <Text Include="..\Resources\Managers\SM4.txt">
      <Filter>Resources\Managers</Filter>
    </Text>
    <Text Include="..\Resources\Map\bossmap.txt">
      <Filter>Resources\Map</Filter>
    </Text>
    <Text Include="..\Resources\Map\decor1.txt">
      <Filter>Resources\Map</Filter>
    </Text>
    <Text Include="..\Resources\Map\decor2.txt">
      <Filter>Resources\Map</Filter>
    </Text>
    <Text Include="..\Resources\Map\decor3.txt">
      <Filter>Resources\Map</Filter>
    </Text>
    <Text Include="..\Resources\Map\decor4.txt">
      <Filter>Resources\Map</Filter>
    </Text>
    <Text Include="..\Resources\Map\map.txt">
      <Filter>Resources\Map</Filter>
    </Text>
    <Text Include="..\Resources\Map\maplv1.txt">
      <Filter>Resources\Map</Filter>
    </Text>
    <Text Include="..\Resources\Map\maplv2.txt">
      <Filter>Resources\Map</Filter>
    </Text>
    <Text Include="..\Resources\Map\maplv3.txt">
      <Filter>Resources\Map</Filter>
    </Text>
    <Text Include="..\Resources\Map\maplv4.txt">
      <Filter>Resources\Map</Filter>
    </Text>
    <Text Include="..\Resources\Map\tilemap.txt">
      <Filter>Resources\Map</Filter>
    </Text>
    <Text Include="..\Resources\Map\tilemap1.txt">
      <Filter>Resources\Map</Filter>
    </Text>
    <Text Include="..\Resources\Map\tilemap2.txt">
      <Filter>Resources\Map</Filter>
    </Text>
    <Text Include="..\Resources\Map\tilemap3.txt">
      <Filter>Resources\Map</Filter>
    </Text>
    <Text Include="..\Resources\Tile\tile.txt">
      <Filter>Resources\Tile</Filter>
    </Text>
    <Text Include="..\Resources\Tile\titlemap1.txt">
      <Filter>Resources\Tile</Filter>
    </Text>
  </ItemGroup>
  <ItemGroup>
    <ResourceCompile Include="Four.rc">
      <Filter>Resources</Filter>
    </ResourceCompile>
  </ItemGroup>
  <ItemGroup>
    <Media Include="..\Resources\Sounds\FutariNoKimochi.mp3">
      <Filter>Resources\Sounds</Filter>
    </Media>
    <Media Include="..\Resources\Sounds\enemy_shot.mp3">
      <Filter>Resources\Sounds</Filter>
    </Media>
    <Media Include="..\Resources\Sounds\fatima.mp3">
      <Filter>Resources\Sounds</Filter>
    </Media>
    <Media Include="..\Resources\Sounds\bazooka.wav">
      <Filter>Resources\Sounds</Filter>
    </Media>
    <Media Include="..\Resources\Sounds\bazooka2.wav">
      <Filter>Resources\Sounds</Filter>
    </Media>
    <Media Include="..\Resources\Sounds\bazooka3.wav">
      <Filter>Resources\Sounds</Filter>
    </Media>
    <Media Include="..\Resources\Sounds\bg_LoadLevel_Sound.wav">
      <Filter>Resources\Sounds</Filter>
    </Media>
    <Media Include="..\Resources\Sounds\bg_Play_Sound.wav">
      <Filter>Resources\Sounds</Filter>
    </Media>
    <Media Include="..\Resources\Sounds\bg_Play_Sound2.mp3">
      <Filter>Resources\Sounds</Filter>
    </Media>
    <Media Include="..\Resources\Sounds\bg_PlayAgain_Sound.wav">
      <Filter>Resources\Sounds</Filter>
    </Media>
    <Media Include="..\Resources\Sounds\bigdragon.wav">
      <Filter>Resources\Sounds</Filter>
    </Media>
    <Media Include="..\Resources\Sounds\boomerang.wav">
      <Filter>Resources\Sounds</Filter>
    </Media>
    <Media Include="..\Resources\Sounds\boss.mp3">
      <Filter>Resources\Sounds</Filter>
    </Media>
    <Media Include="..\Resources\Sounds\bossdead.mp3">
      <Filter>Resources\Sounds</Filter>
    </Media>
    <Media Include="..\Resources\Sounds\Bye.wav">
      <Filter>Resources\Sounds</Filter>
    </Media>
    <Media Include="..\Resources\Sounds\hasaki.mp3">
      <Filter>Resources\Sounds</Filter>
    </Media>
    <Media Include="..\Resources\Sounds\hasaki1.mp3">
      <Filter>Resources\Sounds</Filter>
    </Media>
    <Media Include="..\Resources\Sounds\hasaki2.mp3">
      <Filter>Resources\Sounds</Filter>
    </Media>
    <Media Include="..\Resources\Sounds\hell.wav">
      <Filter>Resources\Sounds</Filter>
    </Media>
    <Media Include="..\Resources\Sounds\hellgun.wav">
      <Filter>Resources\Sounds</Filter>
    </Media>
    <Media Include="..\Resources\Sounds\hurt.wav">
      <Filter>Resources\Sounds</Filter>
    </Media>
    <Media Include="..\Resources\Sounds\hurt2.wav">
      <Filter>Resources\Sounds</Filter>
    </Media>
    <Media Include="..\Resources\Sounds\jump.mp3">
      <Filter>Resources\Sounds</Filter>
    </Media>
    <Media Include="..\Resources\Sounds\jump.wav">
      <Filter>Resources\Sounds</Filter>
    </Media>
    <Media Include="..\Resources\Sounds\jump2.wav">
      <Filter>Resources\Sounds</Filter>
    </Media>
    <Media Include="..\Resources\Sounds\laser.wav">
      <Filter>Resources\Sounds</Filter>
    </Media>
    <Media Include="..\Resources\Sounds\lose.mp3">
      <Filter>Resources\Sounds</Filter>
    </Media>
    <Media Include="..\Resources\Sounds\LoveIsBeautifulPain.mp3">
      <Filter>Resources\Sounds</Filter>
    </Media>
    <Media Include="..\Resources\Sounds\medusa.wav">
      <Filter>Resources\Sounds</Filter>
    </Media>
    <Media Include="..\Resources\Sounds\moster.wav">
      <Filter>Resources\Sounds</Filter>
    </Media>
    <Media Include="..\Resources\Sounds\NextToYou.mp3">
      <Filter>Resources\Sounds</Filter>
    </Media>
    <Media Include="..\Resources\Sounds\pistol.wav">
      <Filter>Resources\Sounds</Filter>
    </Media>
    <Media Include="..\Resources\Sounds\pistol2.wav">
      <Filter>Resources\Sounds</Filter>
    </Media>
    <Media Include="..\Resources\Sounds\smalldragon.wav">
      <Filter>Resources\Sounds</Filter>
    </Media>
    <Media Include="..\Resources\Sounds\SotsugyouMemories.mp3">
      <Filter>Resources\Sounds</Filter>
    </Media>
    <Media Include="..\Resources\Sounds\titan.mp3">
      <Filter>Resources\Sounds</Filter>
    </Media>
    <Media Include="..\Resources\Sounds\TKKHT2.mp3">
      <Filter>Resources\Sounds</Filter>
    </Media>
    <Media Include="..\Resources\Sounds\TKKHT4.mp3">
      <Filter>Resources\Sounds</Filter>
    </Media>
    <Media Include="..\Resources\Sounds\TKKHT7.mp3">
      <Filter>Resources\Sounds</Filter>
    </Media>
    <Media Include="..\Resources\Sounds\TKKHT7.wav">
      <Filter>Resources\Sounds</Filter>
    </Media>
    <Media Include="..\Resources\Sounds\tower.wav">
      <Filter>Resources\Sounds</Filter>
    </Media>
    <Media Include="..\Resources\Sounds\victory.mp3">
      <Filter>Resources\Sounds</Filter>
    </Media>
    <Media Include="..\Resources\Sounds\WindyHill.mp3">
      <Filter>Resources\Sounds</Filter>
    </Media>
  </ItemGroup>
  <ItemGroup>
    <Font Include="..\Resources\Fonts\arial.ttf">
      <Filter>Resources\Fonts</Filter>
    </Font>
    <Font Include="..\Resources\Fonts\COMIC.TTF">
      <Filter>Resources\Fonts</Filter>
    </Font>
  </ItemGroup>
</Project>